
Microsoft Visual Studio Solution File, Format Version 12.00
# Visual Studio Version 17
VisualStudioVersion = 17.11.35431.28
MinimumVisualStudioVersion = 10.0.40219.1
Project("{FAE04EC0-301F-11D3-BF4B-00C04F79EFBC}") = "Saparbexams", "Saparbexams.csproj", "{F4487F02-CA57-4707-8658-E1281A36E0C2}"
EndProject
Global
	GlobalSection(SolutionConfigurationPlatforms) = preSolution
		Debug|Any CPU = Debug|Any CPU
		Release|Any CPU = Release|Any CPU
	EndGlobalSection
	GlobalSection(ProjectConfigurationPlatforms) = postSolution
		{F4487F02-CA57-4707-8658-E1281A36E0C2}.Debug|Any CPU.ActiveCfg = Debug|Any CPU
		{F4487F02-CA57-4707-8658-E1281A36E0C2}.Debug|Any CPU.Build.0 = Debug|Any CPU
		{F4487F02-CA57-4707-8658-E1281A36E0C2}.Release|Any CPU.ActiveCfg = Release|Any CPU
		{F4487F02-CA57-4707-8658-E1281A36E0C2}.Release|Any CPU.Build.0 = Release|Any CPU
	EndGlobalSection
	GlobalSection(SolutionProperties) = preSolution
		HideSolutionNode = FALSE
	EndGlobalSection
	GlobalSection(ExtensibilityGlobals) = postSolution
		SolutionGuid = {F2CB0936-C515-412A-B7A4-6B24FC5EC3C1}
	EndGlobalSection
EndGlobal
